// !$*UTF8*$!
{
	archiveVersion = 1;
	classes = {
	};
	objectVersion = 77;
	objects = {

/* Begin PBXContainerItemProxy section */
		841208AE2F2D1E2400D2A44E /* PBXContainerItemProxy */ = {
			isa = PBXContainerItemProxy;
			containerPortal = 8412088F2F2D1E2200D2A44E /* Project object */;
			proxyType = 1;
			remoteGlobalIDString = 841208962F2D1E2200D2A44E;
			remoteInfo = TextSendingNextScreen;
		};
		841208B82F2D1E2400D2A44E /* PBXContainerItemProxy */ = {
			isa = PBXContainerItemProxy;
			containerPortal = 8412088F2F2D1E2200D2A44E /* Project object */;
			proxyType = 1;
			remoteGlobalIDString = 841208962F2D1E2200D2A44E;
			remoteInfo = TextSendingNextScreen;
		};
/* End PBXContainerItemProxy section */

/* Begin PBXFileReference section */
		841208972F2D1E2200D2A44E /* TextSendingNextScreen.app */ = {isa = PBXFileReference; explicitFileType = wrapper.application; includeInIndex = 0; path = TextSendingNextScreen.app; sourceTree = BUILT_PRODUCTS_DIR; };
		841208AD2F2D1E2400D2A44E /* TextSendingNextScreenTests.xctest */ = {isa = PBXFileReference; explicitFileType = wrapper.cfbundle; includeInIndex = 0; path = TextSendingNextScreenTests.xctest; sourceTree = BUILT_PRODUCTS_DIR; };
		841208B72F2D1E2400D2A44E /* TextSendingNextScreenUITests.xctest */ = {isa = PBXFileReference; explicitFileType = wrapper.cfbundle; includeInIndex = 0; path = TextSendingNextScreenUITests.xctest; sourceTree = BUILT_PRODUCTS_DIR; };
/* End PBXFileReference section */

/* Begin PBXFileSystemSynchronizedBuildFileExceptionSet section */
		841208BF2F2D1E2400D2A44E /* Exceptions for "TextSendingNextScreen" folder in "TextSendingNextScreen" target */ = {
			isa = PBXFileSystemSynchronizedBuildFileExceptionSet;
			membershipExceptions = (
				Info.plist,
			);
			target = 841208962F2D1E2200D2A44E /* TextSendingNextScreen */;
		};
/* End PBXFileSystemSynchronizedBuildFileExceptionSet section */

/* Begin PBXFileSystemSynchronizedRootGroup section */
		841208992F2D1E2200D2A44E /* TextSendingNextScreen */ = {
			isa = PBXFileSystemSynchronizedRootGroup;
			exceptions = (
				841208BF2F2D1E2400D2A44E /* Exceptions for "TextSendingNextScreen" folder in "TextSendingNextScreen" target */,
			);
			path = TextSendingNextScreen;
			sourceTree = "<group>";
		};
		841208B02F2D1E2400D2A44E /* TextSendingNextScreenTests */ = {
			isa = PBXFileSystemSynchronizedRootGroup;
			path = TextSendingNextScreenTests;
			sourceTree = "<group>";
		};
		841208BA2F2D1E2400D2A44E /* TextSendingNextScreenUITests */ = {
			isa = PBXFileSystemSynchronizedRootGroup;
			path = TextSendingNextScreenUITests;
			sourceTree = "<group>";
		};
/* End PBXFileSystemSynchronizedRootGroup section */

/* Begin PBXFrameworksBuildPhase section */
		841208942F2D1E2200D2A44E /* Frameworks */ = {
			isa = PBXFrameworksBuildPhase;
			buildActionMask = 2147483647;
			files = (
			);
			runOnlyForDeploymentPostprocessing = 0;
		};
		841208AA2F2D1E2400D2A44E /* Frameworks */ = {
			isa = PBXFrameworksBuildPhase;
			buildActionMask = 2147483647;
			files = (
			);
			runOnlyForDeploymentPostprocessing = 0;
		};
		841208B42F2D1E2400D2A44E /* Frameworks */ = {
			isa = PBXFrameworksBuildPhase;
			buildActionMask = 2147483647;
			files = (
			);
			runOnlyForDeploymentPostprocessing = 0;
		};
/* End PBXFrameworksBuildPhase section */

/* Begin PBXGroup section */
		8412088E2F2D1E2200D2A44E = {
			isa = PBXGroup;
			children = (
				841208992F2D1E2200D2A44E /* TextSendingNextScreen */,
				841208B02F2D1E2400D2A44E /* TextSendingNextScreenTests */,
				841208BA2F2D1E2400D2A44E /* TextSendingNextScreenUITests */,
				841208982F2D1E2200D2A44E /* Products */,
			);
			sourceTree = "<group>";
		};
		841208982F2D1E2200D2A44E /* Products */ = {
			isa = PBXGroup;
			children = (
				841208972F2D1E2200D2A44E /* TextSendingNextScreen.app */,
				841208AD2F2D1E2400D2A44E /* TextSendingNextScreenTests.xctest */,
				841208B72F2D1E2400D2A44E /* TextSendingNextScreenUITests.xctest */,
			);
			name = Products;
			sourceTree = "<group>";
		};
/* End PBXGroup section */

/* Begin PBXNativeTarget section */
		841208962F2D1E2200D2A44E /* TextSendingNextScreen */ = {
			isa = PBXNativeTarget;
			buildConfigurationList = 841208C02F2D1E2400D2A44E /* Build configuration list for PBXNativeTarget "TextSendingNextScreen" */;
			buildPhases = (
				841208932F2D1E2200D2A44E /* Sources */,
				841208942F2D1E2200D2A44E /* Frameworks */,
				841208952F2D1E2200D2A44E /* Resources */,
			);
			buildRules = (
			);
			dependencies = (
			);
			fileSystemSynchronizedGroups = (
				841208992F2D1E2200D2A44E /* TextSendingNextScreen */,
			);
			name = TextSendingNextScreen;
			packageProductDependencies = (
			);
			productName = TextSendingNextScreen;
			productReference = 841208972F2D1E2200D2A44E /* TextSendingNextScreen.app */;
			productType = "com.apple.product-type.application";
		};
		841208AC2F2D1E2400D2A44E /* TextSendingNextScreenTests */ = {
			isa = PBXNativeTarget;
			buildConfigurationList = 841208C52F2D1E2400D2A44E /* Build configuration list for PBXNativeTarget "TextSendingNextScreenTests" */;
			buildPhases = (
				841208A92F2D1E2400D2A44E /* Sources */,
				841208AA2F2D1E2400D2A44E /* Frameworks */,
				841208AB2F2D1E2400D2A44E /* Resources */,
			);
			buildRules = (
			);
			dependencies = (
				841208AF2F2D1E2400D2A44E /* PBXTargetDependency */,
			);
			fileSystemSynchronizedGroups = (
				841208B02F2D1E2400D2A44E /* TextSendingNextScreenTests */,
			);
			name = TextSendingNextScreenTests;
			packageProductDependencies = (
			);
			productName = TextSendingNextScreenTests;
			productReference = 841208AD2F2D1E2400D2A44E /* TextSendingNextScreenTests.xctest */;
			productType = "com.apple.product-type.bundle.unit-test";
		};
		841208B62F2D1E2400D2A44E /* TextSendingNextScreenUITests */ = {
			isa = PBXNativeTarget;
			buildConfigurationList = 841208C82F2D1E2400D2A44E /* Build configuration list for PBXNativeTarget "TextSendingNextScreenUITests" */;
			buildPhases = (
				841208B32F2D1E2400D2A44E /* Sources */,
				841208B42F2D1E2400D2A44E /* Frameworks */,
				841208B52F2D1E2400D2A44E /* Resources */,
			);
			buildRules = (
			);
			dependencies = (
				841208B92F2D1E2400D2A44E /* PBXTargetDependency */,
			);
			fileSystemSynchronizedGroups = (
				841208BA2F2D1E2400D2A44E /* TextSendingNextScreenUITests */,
			);
			name = TextSendingNextScreenUITests;
			packageProductDependencies = (
			);
			productName = TextSendingNextScreenUITests;
			productReference = 841208B72F2D1E2400D2A44E /* TextSendingNextScreenUITests.xctest */;
			productType = "com.apple.product-type.bundle.ui-testing";
		};
/* End PBXNativeTarget section */

/* Begin PBXProject section */
		8412088F2F2D1E2200D2A44E /* Project object */ = {
			isa = PBXProject;
			attributes = {
				BuildIndependentTargetsInParallel = 1;
				LastSwiftUpdateCheck = 2620;
				LastUpgradeCheck = 2620;
				TargetAttributes = {
					841208962F2D1E2200D2A44E = {
						CreatedOnToolsVersion = 26.2;
					};
					841208AC2F2D1E2400D2A44E = {
						CreatedOnToolsVersion = 26.2;
						TestTargetID = 841208962F2D1E2200D2A44E;
					};
					841208B62F2D1E2400D2A44E = {
						CreatedOnToolsVersion = 26.2;
						TestTargetID = 841208962F2D1E2200D2A44E;
					};
				};
			};
			buildConfigurationList = 841208922F2D1E2200D2A44E /* Build configuration list for PBXProject "TextSendingNextScreen" */;
			developmentRegion = en;
			hasScannedForEncodings = 0;
			knownRegions = (
				en,
				Base,
			);
			mainGroup = 8412088E2F2D1E2200D2A44E;
			minimizedProjectReferenceProxies = 1;
			preferredProjectObjectVersion = 77;
			productRefGroup = 841208982F2D1E2200D2A44E /* Products */;
			projectDirPath = "";
			projectRoot = "";
			targets = (
				841208962F2D1E2200D2A44E /* TextSendingNextScreen */,
				841208AC2F2D1E2400D2A44E /* TextSendingNextScreenTests */,
				841208B62F2D1E2400D2A44E /* TextSendingNextScreenUITests */,
			);
		};
/* End PBXProject section */

/* Begin PBXResourcesBuildPhase section */
		841208952F2D1E2200D2A44E /* Resources */ = {
			isa = PBXResourcesBuildPhase;
			buildActionMask = 2147483647;
			files = (
			);
			runOnlyForDeploymentPostprocessing = 0;
		};
		841208AB2F2D1E2400D2A44E /* Resources */ = {
			isa = PBXResourcesBuildPhase;
			buildActionMask = 2147483647;
			files = (
			);
			runOnlyForDeploymentPostprocessing = 0;
		};
		841208B52F2D1E2400D2A44E /* Resources */ = {
			isa = PBXResourcesBuildPhase;
			buildActionMask = 2147483647;
			files = (
			);
			runOnlyForDeploymentPostprocessing = 0;
		};
/* End PBXResourcesBuildPhase section */

/* Begin PBXSourcesBuildPhase section */
		841208932F2D1E2200D2A44E /* Sources */ = {
			isa = PBXSourcesBuildPhase;
			buildActionMask = 2147483647;
			files = (
			);
			runOnlyForDeploymentPostprocessing = 0;
		};
		841208A92F2D1E2400D2A44E /* Sources */ = {
			isa = PBXSourcesBuildPhase;
			buildActionMask = 2147483647;
			files = (
			);
			runOnlyForDeploymentPostprocessing = 0;
		};
		841208B32F2D1E2400D2A44E /* Sources */ = {
			isa = PBXSourcesBuildPhase;
			buildActionMask = 2147483647;
			files = (
			);
			runOnlyForDeploymentPostprocessing = 0;
		};
/* End PBXSourcesBuildPhase section */

/* Begin PBXTargetDependency section */
		841208AF2F2D1E2400D2A44E /* PBXTargetDependency */ = {
			isa = PBXTargetDependency;
			target = 841208962F2D1E2200D2A44E /* TextSendingNextScreen */;
			targetProxy = 841208AE2F2D1E2400D2A44E /* PBXContainerItemProxy */;
		};
		841208B92F2D1E2400D2A44E /* PBXTargetDependency */ = {
			isa = PBXTargetDependency;
			target = 841208962F2D1E2200D2A44E /* TextSendingNextScreen */;
			targetProxy = 841208B82F2D1E2400D2A44E /* PBXContainerItemProxy */;
		};
/* End PBXTargetDependency section */

/* Begin XCBuildConfiguration section */
		841208C12F2D1E2400D2A44E /* Debug */ = {
			isa = XCBuildConfiguration;
			buildSettings = {
				ASSETCATALOG_COMPILER_APPICON_NAME = AppIcon;
				ASSETCATALOG_COMPILER_GLOBAL_ACCENT_COLOR_NAME = AccentColor;
				CODE_SIGN_STYLE = Automatic;
				CURRENT_PROJECT_VERSION = 1;
				GENERATE_INFOPLIST_FILE = YES;
				INFOPLIST_FILE = TextSendingNextScreen/Info.plist;
				INFOPLIST_KEY_UIApplicationSupportsIndirectInputEvents = YES;
				INFOPLIST_KEY_UILaunchStoryboardName = LaunchScreen;
				INFOPLIST_KEY_UIMainStoryboardFile = Main;
				INFOPLIST_KEY_UISupportedInterfaceOrientations_iPad = "UIInterfaceOrientationPortrait UIInterfaceOrientationPortraitUpsideDown UIInterfaceOrientationLandscapeLeft UIInterfaceOrientationLandscapeRight";
				INFOPLIST_KEY_UISupportedInterfaceOrientations_iPhone = "UIInterfaceOrientationPortrait UIInterfaceOrientationLandscapeLeft UIInterfaceOrientationLandscapeRight";
				LD_RUNPATH_SEARCH_PATHS = (
					"$(inherited)",
					"@executable_path/Frameworks",
				);
				MARKETING_VERSION = 1.0;
				PRODUCT_BUNDLE_IDENTIFIER = vinaymothkula.batch43.TextSendingNextScreen;
				PRODUCT_NAME = "$(TARGET_NAME)";
				STRING_CATALOG_GENERATE_SYMBOLS = YES;
				SWIFT_APPROACHABLE_CONCURRENCY = YES;
				SWIFT_DEFAULT_ACTOR_ISOLATION = MainActor;
				SWIFT_EMIT_LOC_STRINGS = YES;
				SWIFT_UPCOMING_FEATURE_MEMBER_IMPORT_VISIBILITY = YES;
				SWIFT_VERSION = 5.0;
				TARGETED_DEVICE_FAMILY = "1,2";
			};
			name = Debug;
		};
		841208C22F2D1E2400D2A44E /* Release */ = {
			isa = XCBuildConfiguration;
			buildSettings = {
				ASSETCATALOG_COMPILER_APPICON_NAME = AppIcon;
				ASSETCATALOG_COMPILER_GLOBAL_ACCENT_COLOR_NAME = AccentColor;
				CODE_SIGN_STYLE = Automatic;
				CURRENT_PROJECT_VERSION = 1;
				GENERATE_INFOPLIST_FILE = YES;
				INFOPLIST_FILE = TextSendingNextScreen/Info.plist;
				INFOPLIST_KEY_UIApplicationSupportsIndirectInputEvents = YES;
				INFOPLIST_KEY_UILaunchStoryboardName = LaunchScreen;
				INFOPLIST_KEY_UIMainStoryboardFile = Main;
				INFOPLIST_KEY_UISupportedInterfaceOrientations_iPad = "UIInterfaceOrientationPortrait UIInterfaceOrientationPortraitUpsideDown UIInterfaceOrientationLandscapeLeft UIInterfaceOrientationLandscapeRight";
				INFOPLIST_KEY_UISupportedInterfaceOrientations_iPhone = "UIInterfaceOrientationPortrait UIInterfaceOrientationLandscapeLeft UIInterfaceOrientationLandscapeRight";
				LD_RUNPATH_SEARCH_PATHS = (
					"$(inherited)",
					"@executable_path/Frameworks",
				);
				MARKETING_VERSION = 1.0;
				PRODUCT_BUNDLE_IDENTIFIER = vinaymothkula.batch43.TextSendingNextScreen;
				PRODUCT_NAME = "$(TARGET_NAME)";
				STRING_CATALOG_GENERATE_SYMBOLS = YES;
				SWIFT_APPROACHABLE_CONCURRENCY = YES;
				SWIFT_DEFAULT_ACTOR_ISOLATION = MainActor;
				SWIFT_EMIT_LOC_STRINGS = YES;
				SWIFT_UPCOMING_FEATURE_MEMBER_IMPORT_VISIBILITY = YES;
				SWIFT_VERSION = 5.0;
				TARGETED_DEVICE_FAMILY = "1,2";
			};
			name = Release;
		};
		841208C32F2D1E2400D2A44E /* Debug */ = {
			isa = XCBuildConfiguration;
			buildSettings = {
				ALWAYS_SEARCH_USER_PATHS = NO;
				ASSETCATALOG_COMPILER_GENERATE_SWIFT_ASSET_SYMBOL_EXTENSIONS = YES;
				CLANG_ANALYZER_NONNULL = YES;
				CLANG_ANALYZER_NUMBER_OBJECT_CONVERSION = YES_AGGRESSIVE;
				CLANG_CXX_LANGUAGE_STANDARD = "gnu++20";
				CLANG_ENABLE_MODULES = YES;
				CLANG_ENABLE_OBJC_ARC = YES;
				CLANG_ENABLE_OBJC_WEAK = YES;
				CLANG_WARN_BLOCK_CAPTURE_AUTORELEASING = YES;
				CLANG_WARN_BOOL_CONVERSION = YES;
				CLANG_WARN_COMMA = YES;
				CLANG_WARN_CONSTANT_CONVERSION = YES;
				CLANG_WARN_DEPRECATED_OBJC_IMPLEMENTATIONS = YES;
				CLANG_WARN_DIRECT_OBJC_ISA_USAGE = YES_ERROR;
				CLANG_WARN_DOCUMENTATION_COMMENTS = YES;
				CLANG_WARN_EMPTY_BODY = YES;
				CLANG_WARN_ENUM_CONVERSION = YES;
				CLANG_WARN_INFINITE_RECURSION = YES;
				CLANG_WARN_INT_CONVERSION = YES;
				CLANG_WARN_NON_LITERAL_NULL_CONVERSION = YES;
				CLANG_WARN_OBJC_IMPLICIT_RETAIN_SELF = YES;
				CLANG_WARN_OBJC_LITERAL_CONVERSION = YES;
				CLANG_WARN_OBJC_ROOT_CLASS = YES_ERROR;
				CLANG_WARN_QUOTED_INCLUDE_IN_FRAMEWORK_HEADER = YES;
				CLANG_WARN_RANGE_LOOP_ANALYSIS = YES;
				CLANG_WARN_STRICT_PROTOTYPES = YES;
				CLANG_WARN_SUSPICIOUS_MOVE = YES;
				CLANG_WARN_UNGUARDED_AVAILABILITY = YES_AGGRESSIVE;
				CLANG_WARN_UNREACHABLE_CODE = YES;
				CLANG_WARN__DUPLICATE_METHOD_MATCH = YES;
				COPY_PHASE_STRIP = NO;
				DEBUG_INFORMATION_FORMAT = dwarf;
				ENABLE_STRICT_OBJC_MSGSEND = YES;
				ENABLE_TESTABILITY = YES;
				ENABLE_USER_SCRIPT_SANDBOXING = YES;
				GCC_C_LANGUAGE_STANDARD = gnu17;
				GCC_DYNAMIC_NO_PIC = NO;
				GCC_NO_COMMON_BLOCKS = YES;
				GCC_OPTIMIZATION_LEVEL = 0;
				GCC_PREPROCESSOR_DEFINITIONS = (
					"DEBUG=1",
					"$(inherited)",
				);
				GCC_WARN_64_TO_32_BIT_CONVERSION = YES;
				GCC_WARN_ABOUT_RETURN_TYPE = YES_ERROR;
				GCC_WARN_UNDECLARED_SELECTOR = YES;
				GCC_WARN_UNINITIALIZED_AUTOS = YES_AGGRESSIVE;
				GCC_WARN_UNUSED_FUNCTION = YES;
				GCC_WARN_UNUSED_VARIABLE = YES;
				IPHONEOS_DEPLOYMENT_TARGET = 26.2;
				LOCALIZATION_PREFERS_STRING_CATALOGS = YES;
				MTL_ENABLE_DEBUG_INFO = INCLUDE_SOURCE;
				MTL_FAST_MATH = YES;
				ONLY_ACTIVE_ARCH = YES;
				SDKROOT = iphoneos;
				SWIFT_ACTIVE_COMPILATION_CONDITIONS = "DEBUG $(inherited)";
				SWIFT_OPTIMIZATION_LEVEL = "-Onone";
			};
			name = Debug;
		};
		841208C42F2D1E2400D2A44E /* Release */ = {
			isa = XCBuildConfiguration;
			buildSettings = {
				ALWAYS_SEARCH_USER_PATHS = NO;
				ASSETCATALOG_COMPILER_GENERATE_SWIFT_ASSET_SYMBOL_EXTENSIONS = YES;
				CLANG_ANALYZER_NONNULL = YES;
				CLANG_ANALYZER_NUMBER_OBJECT_CONVERSION = YES_AGGRESSIVE;
				CLANG_CXX_LANGUAGE_STANDARD = "gnu++20";
				CLANG_ENABLE_MODULES = YES;
				CLANG_ENABLE_OBJC_ARC = YES;
				CLANG_ENABLE_OBJC_WEAK = YES;
				CLANG_WARN_BLOCK_CAPTURE_AUTORELEASING = YES;
				CLANG_WARN_BOOL_CONVERSION = YES;
				CLANG_WARN_COMMA = YES;
				CLANG_WARN_CONSTANT_CONVERSION = YES;
				CLANG_WARN_DEPRECATED_OBJC_IMPLEMENTATIONS = YES;
				CLANG_WARN_DIRECT_OBJC_ISA_USAGE = YES_ERROR;
				CLANG_WARN_DOCUMENTATION_COMMENTS = YES;
				CLANG_WARN_EMPTY_BODY = YES;
				CLANG_WARN_ENUM_CONVERSION = YES;
				CLANG_WARN_INFINITE_RECURSION = YES;
				CLANG_WARN_INT_CONVERSION = YES;
				CLANG_WARN_NON_LITERAL_NULL_CONVERSION = YES;
				CLANG_WARN_OBJC_IMPLICIT_RETAIN_SELF = YES;
				CLANG_WARN_OBJC_LITERAL_CONVERSION = YES;
				CLANG_WARN_OBJC_ROOT_CLASS = YES_ERROR;
				CLANG_WARN_QUOTED_INCLUDE_IN_FRAMEWORK_HEADER = YES;
				CLANG_WARN_RANGE_LOOP_ANALYSIS = YES;
				CLANG_WARN_STRICT_PROTOTYPES = YES;
				CLANG_WARN_SUSPICIOUS_MOVE = YES;
				CLANG_WARN_UNGUARDED_AVAILABILITY = YES_AGGRESSIVE;
				CLANG_WARN_UNREACHABLE_CODE = YES;
				CLANG_WARN__DUPLICATE_METHOD_MATCH = YES;
				COPY_PHASE_STRIP = NO;
				DEBUG_INFORMATION_FORMAT = "dwarf-with-dsym";
				ENABLE_NS_ASSERTIONS = NO;
				ENABLE_STRICT_OBJC_MSGSEND = YES;
				ENABLE_USER_SCRIPT_SANDBOXING = YES;
				GCC_C_LANGUAGE_STANDARD = gnu17;
				GCC_NO_COMMON_BLOCKS = YES;
				GCC_WARN_64_TO_32_BIT_CONVERSION = YES;
				GCC_WARN_ABOUT_RETURN_TYPE = YES_ERROR;
				GCC_WARN_UNDECLARED_SELECTOR = YES;
				GCC_WARN_UNINITIALIZED_AUTOS = YES_AGGRESSIVE;
				GCC_WARN_UNUSED_FUNCTION = YES;
				GCC_WARN_UNUSED_VARIABLE = YES;
				IPHONEOS_DEPLOYMENT_TARGET = 26.2;
				LOCALIZATION_PREFERS_STRING_CATALOGS = YES;
				MTL_ENABLE_DEBUG_INFO = NO;
				MTL_FAST_MATH = YES;
				SDKROOT = iphoneos;
				SWIFT_COMPILATION_MODE = wholemodule;
				VALIDATE_PRODUCT = YES;
			};
			name = Release;
		};
		841208C62F2D1E2400D2A44E /* Debug */ = {
			isa = XCBuildConfiguration;
			buildSettings = {
				BUNDLE_LOADER = "$(TEST_HOST)";
				CODE_SIGN_STYLE = Automatic;
				CURRENT_PROJECT_VERSION = 1;
				GENERATE_INFOPLIST_FILE = YES;
				IPHONEOS_DEPLOYMENT_TARGET = 26.2;
				MARKETING_VERSION = 1.0;
				PRODUCT_BUNDLE_IDENTIFIER = vinaymothkula.batch43.TextSendingNextScreenTests;
				PRODUCT_NAME = "$(TARGET_NAME)";
				STRING_CATALOG_GENERATE_SYMBOLS = NO;
				SWIFT_APPROACHABLE_CONCURRENCY = YES;
				SWIFT_EMIT_LOC_STRINGS = NO;
				SWIFT_UPCOMING_FEATURE_MEMBER_IMPORT_VISIBILITY = YES;
				SWIFT_VERSION = 5.0;
				TARGETED_DEVICE_FAMILY = "1,2";
				TEST_HOST = "$(BUILT_PRODUCTS_DIR)/TextSendingNextScreen.app/$(BUNDLE_EXECUTABLE_FOLDER_PATH)/TextSendingNextScreen";
			};
			name = Debug;
		};
		841208C72F2D1E2400D2A44E /* Release */ = {
			isa = XCBuildConfiguration;
			buildSettings = {
				BUNDLE_LOADER = "$(TEST_HOST)";
				CODE_SIGN_STYLE = Automatic;
				CURRENT_PROJECT_VERSION = 1;
				GENERATE_INFOPLIST_FILE = YES;
				IPHONEOS_DEPLOYMENT_TARGET = 26.2;
				MARKETING_VERSION = 1.0;
				PRODUCT_BUNDLE_IDENTIFIER = vinaymothkula.batch43.TextSendingNextScreenTests;
				PRODUCT_NAME = "$(TARGET_NAME)";
				STRING_CATALOG_GENERATE_SYMBOLS = NO;
				SWIFT_APPROACHABLE_CONCURRENCY = YES;
				SWIFT_EMIT_LOC_STRINGS = NO;
				SWIFT_UPCOMING_FEATURE_MEMBER_IMPORT_VISIBILITY = YES;
				SWIFT_VERSION = 5.0;
				TARGETED_DEVICE_FAMILY = "1,2";
				TEST_HOST = "$(BUILT_PRODUCTS_DIR)/TextSendingNextScreen.app/$(BUNDLE_EXECUTABLE_FOLDER_PATH)/TextSendingNextScreen";
			};
			name = Release;
		};
		841208C92F2D1E2400D2A44E /* Debug */ = {
			isa = XCBuildConfiguration;
			buildSettings = {
				CODE_SIGN_STYLE = Automatic;
				CURRENT_PROJECT_VERSION = 1;
				GENERATE_INFOPLIST_FILE = YES;
				MARKETING_VERSION = 1.0;
				PRODUCT_BUNDLE_IDENTIFIER = vinaymothkula.batch43.TextSendingNextScreenUITests;
				PRODUCT_NAME = "$(TARGET_NAME)";
				STRING_CATALOG_GENERATE_SYMBOLS = NO;
				SWIFT_APPROACHABLE_CONCURRENCY = YES;
				SWIFT_EMIT_LOC_STRINGS = NO;
				SWIFT_UPCOMING_FEATURE_MEMBER_IMPORT_VISIBILITY = YES;
				SWIFT_VERSION = 5.0;
				TARGETED_DEVICE_FAMILY = "1,2";
				TEST_TARGET_NAME = TextSendingNextScreen;
			};
			name = Debug;
		};
		841208CA2F2D1E2400D2A44E /* Release */ = {
			isa = XCBuildConfiguration;
			buildSettings = {
				CODE_SIGN_STYLE = Automatic;
				CURRENT_PROJECT_VERSION = 1;
				GENERATE_INFOPLIST_FILE = YES;
				MARKETING_VERSION = 1.0;
				PRODUCT_BUNDLE_IDENTIFIER = vinaymothkula.batch43.TextSendingNextScreenUITests;
				PRODUCT_NAME = "$(TARGET_NAME)";
				STRING_CATALOG_GENERATE_SYMBOLS = NO;
				SWIFT_APPROACHABLE_CONCURRENCY = YES;
				SWIFT_EMIT_LOC_STRINGS = NO;
				SWIFT_UPCOMING_FEATURE_MEMBER_IMPORT_VISIBILITY = YES;
				SWIFT_VERSION = 5.0;
				TARGETED_DEVICE_FAMILY = "1,2";
				TEST_TARGET_NAME = TextSendingNextScreen;
			};
			name = Release;
		};
/* End XCBuildConfiguration section */

/* Begin XCConfigurationList section */
		841208922F2D1E2200D2A44E /* Build configuration list for PBXProject "TextSendingNextScreen" */ = {
			isa = XCConfigurationList;
			buildConfigurations = (
				841208C32F2D1E2400D2A44E /* Debug */,
				841208C42F2D1E2400D2A44E /* Release */,
			);
			defaultConfigurationIsVisible = 0;
			defaultConfigurationName = Release;
		};
		841208C02F2D1E2400D2A44E /* Build configuration list for PBXNativeTarget "TextSendingNextScreen" */ = {
			isa = XCConfigurationList;
			buildConfigurations = (
				841208C12F2D1E2400D2A44E /* Debug */,
				841208C22F2D1E2400D2A44E /* Release */,
			);
			defaultConfigurationIsVisible = 0;
			defaultConfigurationName = Release;
		};
		841208C52F2D1E2400D2A44E /* Build configuration list for PBXNativeTarget "TextSendingNextScreenTests" */ = {
			isa = XCConfigurationList;
			buildConfigurations = (
				841208C62F2D1E2400D2A44E /* Debug */,
				841208C72F2D1E2400D2A44E /* Release */,
			);
			defaultConfigurationIsVisible = 0;
			defaultConfigurationName = Release;
		};
		841208C82F2D1E2400D2A44E /* Build configuration list for PBXNativeTarget "TextSendingNextScreenUITests" */ = {
			isa = XCConfigurationList;
			buildConfigurations = (
				841208C92F2D1E2400D2A44E /* Debug */,
				841208CA2F2D1E2400D2A44E /* Release */,
			);
			defaultConfigurationIsVisible = 0;
			defaultConfigurationName = Release;
		};
/* End XCConfigurationList section */
	};
	rootObject = 8412088F2F2D1E2200D2A44E /* Project object */;
}
